// !$*UTF8*$!
{
	archiveVersion = 1;
	classes = {
	};
	objectVersion = 46;
	objects = {

/* Begin PBXBuildFile section */
		4267A7B018F5810700B1C247 /* Foundation.framework in Frameworks */ = {isa = PBXBuildFile; fileRef = 4267A7AF18F5810700B1C247 /* Foundation.framework */; };
		4267A7B218F5810700B1C247 /* CoreGraphics.framework in Frameworks */ = {isa = PBXBuildFile; fileRef = 4267A7B118F5810700B1C247 /* CoreGraphics.framework */; };
		4267A7B418F5810700B1C247 /* UIKit.framework in Frameworks */ = {isa = PBXBuildFile; fileRef = 4267A7B318F5810700B1C247 /* UIKit.framework */; };
		4267A7BA18F5810700B1C247 /* InfoPlist.strings in Resources */ = {isa = PBXBuildFile; fileRef = 4267A7B818F5810700B1C247 /* InfoPlist.strings */; };
		4267A7BC18F5810700B1C247 /* main.m in Sources */ = {isa = PBXBuildFile; fileRef = 4267A7BB18F5810700B1C247 /* main.m */; };
		4267A7C018F5810700B1C247 /* GESAppDelegate.m in Sources */ = {isa = PBXBuildFile; fileRef = 4267A7BF18F5810700B1C247 /* GESAppDelegate.m */; };
		4267A7C318F5810800B1C247 /* Main_iPhone.storyboard in Resources */ = {isa = PBXBuildFile; fileRef = 4267A7C118F5810800B1C247 /* Main_iPhone.storyboard */; };
		4267A7C618F5810800B1C247 /* Main_iPad.storyboard in Resources */ = {isa = PBXBuildFile; fileRef = 4267A7C418F5810800B1C247 /* Main_iPad.storyboard */; };
		4267A7C918F5810800B1C247 /* GESViewController.m in Sources */ = {isa = PBXBuildFile; fileRef = 4267A7C818F5810800B1C247 /* GESViewController.m */; };
		4267A7CB18F5810800B1C247 /* Images.xcassets in Resources */ = {isa = PBXBuildFile; fileRef = 4267A7CA18F5810800B1C247 /* Images.xcassets */; };
		4267A7D218F5810800B1C247 /* XCTest.framework in Frameworks */ = {isa = PBXBuildFile; fileRef = 4267A7D118F5810800B1C247 /* XCTest.framework */; };
		4267A7D318F5810800B1C247 /* Foundation.framework in Frameworks */ = {isa = PBXBuildFile; fileRef = 4267A7AF18F5810700B1C247 /* Foundation.framework */; };
		4267A7D418F5810800B1C247 /* UIKit.framework in Frameworks */ = {isa = PBXBuildFile; fileRef = 4267A7B318F5810700B1C247 /* UIKit.framework */; };
		4267A7DC18F5810800B1C247 /* InfoPlist.strings in Resources */ = {isa = PBXBuildFile; fileRef = 4267A7DA18F5810800B1C247 /* InfoPlist.strings */; };
		4267A7DE18F5810800B1C247 /* dynamicsTestTests.m in Sources */ = {isa = PBXBuildFile; fileRef = 4267A7DD18F5810800B1C247 /* dynamicsTestTests.m */; };
/* End PBXBuildFile section */

/* Begin PBXContainerItemProxy section */
		4267A7D518F5810800B1C247 /* PBXContainerItemProxy */ = {
			isa = PBXContainerItemProxy;
			containerPortal = 4267A7A418F5810700B1C247 /* Project object */;
			proxyType = 1;
			remoteGlobalIDString = 4267A7AB18F5810700B1C247;
			remoteInfo = dynamicsTest;
		};
/* End PBXContainerItemProxy section */

/* Begin PBXFileReference section */
		4267A7AC18F5810700B1C247 /* dynamicsTest.app */ = {isa = PBXFileReference; explicitFileType = wrapper.application; includeInIndex = 0; path = dynamicsTest.app; sourceTree = BUILT_PRODUCTS_DIR; };
		4267A7AF18F5810700B1C247 /* Foundation.framework */ = {isa = PBXFileReference; lastKnownFileType = wrapper.framework; name = Foundation.framework; path = System/Library/Frameworks/Foundation.framework; sourceTree = SDKROOT; };
		4267A7B118F5810700B1C247 /* CoreGraphics.framework */ = {isa = PBXFileReference; lastKnownFileType = wrapper.framework; name = CoreGraphics.framework; path = System/Library/Frameworks/CoreGraphics.framework; sourceTree = SDKROOT; };
		4267A7B318F5810700B1C247 /* UIKit.framework */ = {isa = PBXFileReference; lastKnownFileType = wrapper.framework; name = UIKit.framework; path = System/Library/Frameworks/UIKit.framework; sourceTree = SDKROOT; };
		4267A7B718F5810700B1C247 /* dynamicsTest-Info.plist */ = {isa = PBXFileReference; lastKnownFileType = text.plist.xml; path = "dynamicsTest-Info.plist"; sourceTree = "<group>"; };
		4267A7B918F5810700B1C247 /* en */ = {isa = PBXFileReference; lastKnownFileType = text.plist.strings; name = en; path = en.lproj/InfoPlist.strings; sourceTree = "<group>"; };
		4267A7BB18F5810700B1C247 /* main.m */ = {isa = PBXFileReference; lastKnownFileType = sourcecode.c.objc; path = main.m; sourceTree = "<group>"; };
		4267A7BD18F5810700B1C247 /* dynamicsTest-Prefix.pch */ = {isa = PBXFileReference; lastKnownFileType = sourcecode.c.h; path = "dynamicsTest-Prefix.pch"; sourceTree = "<group>"; };
		4267A7BE18F5810700B1C247 /* GESAppDelegate.h */ = {isa = PBXFileReference; lastKnownFileType = sourcecode.c.h; path = GESAppDelegate.h; sourceTree = "<group>"; };
		4267A7BF18F5810700B1C247 /* GESAppDelegate.m */ = {isa = PBXFileReference; lastKnownFileType = sourcecode.c.objc; path = GESAppDelegate.m; sourceTree = "<group>"; };
		4267A7C218F5810800B1C247 /* Base */ = {isa = PBXFileReference; lastKnownFileType = file.storyboard; name = Base; path = Base.lproj/Main_iPhone.storyboard; sourceTree = "<group>"; };
		4267A7C518F5810800B1C247 /* Base */ = {isa = PBXFileReference; lastKnownFileType = file.storyboard; name = Base; path = Base.lproj/Main_iPad.storyboard; sourceTree = "<group>"; };
		4267A7C718F5810800B1C247 /* GESViewController.h */ = {isa = PBXFileReference; lastKnownFileType = sourcecode.c.h; path = GESViewController.h; sourceTree = "<group>"; };
		4267A7C818F5810800B1C247 /* GESViewController.m */ = {isa = PBXFileReference; lastKnownFileType = sourcecode.c.objc; path = GESViewController.m; sourceTree = "<group>"; };
		4267A7CA18F5810800B1C247 /* Images.xcassets */ = {isa = PBXFileReference; lastKnownFileType = folder.assetcatalog; path = Images.xcassets; sourceTree = "<group>"; };
		4267A7D018F5810800B1C247 /* dynamicsTestTests.xctest */ = {isa = PBXFileReference; explicitFileType = wrapper.cfbundle; includeInIndex = 0; path = dynamicsTestTests.xctest; sourceTree = BUILT_PRODUCTS_DIR; };
		4267A7D118F5810800B1C247 /* XCTest.framework */ = {isa = PBXFileReference; lastKnownFileType = wrapper.framework; name = XCTest.framework; path = Library/Frameworks/XCTest.framework; sourceTree = DEVELOPER_DIR; };
		4267A7D918F5810800B1C247 /* dynamicsTestTests-Info.plist */ = {isa = PBXFileReference; lastKnownFileType = text.plist.xml; path = "dynamicsTestTests-Info.plist"; sourceTree = "<group>"; };
		4267A7DB18F5810800B1C247 /* en */ = {isa = PBXFileReference; lastKnownFileType = text.plist.strings; name = en; path = en.lproj/InfoPlist.strings; sourceTree = "<group>"; };
		4267A7DD18F5810800B1C247 /* dynamicsTestTests.m */ = {isa = PBXFileReference; lastKnownFileType = sourcecode.c.objc; path = dynamicsTestTests.m; sourceTree = "<group>"; };
/* End PBXFileReference section */

/* Begin PBXFrameworksBuildPhase section */
		4267A7A918F5810700B1C247 /* Frameworks */ = {
			isa = PBXFrameworksBuildPhase;
			buildActionMask = 2147483647;
			files = (
				4267A7B218F5810700B1C247 /* CoreGraphics.framework in Frameworks */,
				4267A7B418F5810700B1C247 /* UIKit.framework in Frameworks */,
				4267A7B018F5810700B1C247 /* Foundation.framework in Frameworks */,
			);
			runOnlyForDeploymentPostprocessing = 0;
		};
		4267A7CD18F5810800B1C247 /* Frameworks */ = {
			isa = PBXFrameworksBuildPhase;
			buildActionMask = 2147483647;
			files = (
				4267A7D218F5810800B1C247 /* XCTest.framework in Frameworks */,
				4267A7D418F5810800B1C247 /* UIKit.framework in Frameworks */,
				4267A7D318F5810800B1C247 /* Foundation.framework in Frameworks */,
			);
			runOnlyForDeploymentPostprocessing = 0;
		};
/* End PBXFrameworksBuildPhase section */

/* Begin PBXGroup section */
		4267A7A318F5810700B1C247 = {
			isa = PBXGroup;
			children = (
				4267A7B518F5810700B1C247 /* dynamicsTest */,
				4267A7D718F5810800B1C247 /* dynamicsTestTests */,
				4267A7AE18F5810700B1C247 /* Frameworks */,
				4267A7AD18F5810700B1C247 /* Products */,
			);
			sourceTree = "<group>";
		};
		4267A7AD18F5810700B1C247 /* Products */ = {
			isa = PBXGroup;
			children = (
				4267A7AC18F5810700B1C247 /* dynamicsTest.app */,
				4267A7D018F5810800B1C247 /* dynamicsTestTests.xctest */,
			);
			name = Products;
			sourceTree = "<group>";
		};
		4267A7AE18F5810700B1C247 /* Frameworks */ = {
			isa = PBXGroup;
			children = (
				4267A7AF18F5810700B1C247 /* Foundation.framework */,
				4267A7B118F5810700B1C247 /* CoreGraphics.framework */,
				4267A7B318F5810700B1C247 /* UIKit.framework */,
				4267A7D118F5810800B1C247 /* XCTest.framework */,
			);
			name = Frameworks;
			sourceTree = "<group>";
		};
		4267A7B518F5810700B1C247 /* dynamicsTest */ = {
			isa = PBXGroup;
			children = (
				4267A7BE18F5810700B1C247 /* GESAppDelegate.h */,
				4267A7BF18F5810700B1C247 /* GESAppDelegate.m */,
				4267A7C118F5810800B1C247 /* Main_iPhone.storyboard */,
				4267A7C418F5810800B1C247 /* Main_iPad.storyboard */,
				4267A7C718F5810800B1C247 /* GESViewController.h */,
				4267A7C818F5810800B1C247 /* GESViewController.m */,
				4267A7CA18F5810800B1C247 /* Images.xcassets */,
				4267A7B618F5810700B1C247 /* Supporting Files */,
			);
			path = dynamicsTest;
			sourceTree = "<group>";
		};
		4267A7B618F5810700B1C247 /* Supporting Files */ = {
			isa = PBXGroup;
			children = (
				4267A7B718F5810700B1C247 /* dynamicsTest-Info.plist */,
				4267A7B818F5810700B1C247 /* InfoPlist.strings */,
				4267A7BB18F5810700B1C247 /* main.m */,
				4267A7BD18F5810700B1C247 /* dynamicsTest-Prefix.pch */,
			);
			name = "Supporting Files";
			sourceTree = "<group>";
		};
		4267A7D718F5810800B1C247 /* dynamicsTestTests */ = {
			isa = PBXGroup;
			children = (
				4267A7DD18F5810800B1C247 /* dynamicsTestTests.m */,
				4267A7D818F5810800B1C247 /* Supporting Files */,
			);
			path = dynamicsTestTests;
			sourceTree = "<group>";
		};
		4267A7D818F5810800B1C247 /* Supporting Files */ = {
			isa = PBXGroup;
			children = (
				4267A7D918F5810800B1C247 /* dynamicsTestTests-Info.plist */,
				4267A7DA18F5810800B1C247 /* InfoPlist.strings */,
			);
			name = "Supporting Files";
			sourceTree = "<group>";
		};
/* End PBXGroup section */

/* Begin PBXNativeTarget section */
		4267A7AB18F5810700B1C247 /* dynamicsTest */ = {
			isa = PBXNativeTarget;
			buildConfigurationList = 4267A7E118F5810800B1C247 /* Build configuration list for PBXNativeTarget "dynamicsTest" */;
			buildPhases = (
				4267A7A818F5810700B1C247 /* Sources */,
				4267A7A918F5810700B1C247 /* Frameworks */,
				4267A7AA18F5810700B1C247 /* Resources */,
			);
			buildRules = (
			);
			dependencies = (
			);
			name = dynamicsTest;
			productName = dynamicsTest;
			productReference = 4267A7AC18F5810700B1C247 /* dynamicsTest.app */;
			productType = "com.apple.product-type.application";
		};
		4267A7CF18F5810800B1C247 /* dynamicsTestTests */ = {
			isa = PBXNativeTarget;
			buildConfigurationList = 4267A7E418F5810800B1C247 /* Build configuration list for PBXNativeTarget "dynamicsTestTests" */;
			buildPhases = (
				4267A7CC18F5810800B1C247 /* Sources */,
				4267A7CD18F5810800B1C247 /* Frameworks */,
				4267A7CE18F5810800B1C247 /* Resources */,
			);
			buildRules = (
			);
			dependencies = (
				4267A7D618F5810800B1C247 /* PBXTargetDependency */,
			);
			name = dynamicsTestTests;
			productName = dynamicsTestTests;
			productReference = 4267A7D018F5810800B1C247 /* dynamicsTestTests.xctest */;
			productType = "com.apple.product-type.bundle.unit-test";
		};
/* End PBXNativeTarget section */

/* Begin PBXProject section */
		4267A7A418F5810700B1C247 /* Project object */ = {
			isa = PBXProject;
			attributes = {
				CLASSPREFIX = GES;
				LastUpgradeCheck = 0500;
				ORGANIZATIONNAME = Not;
				TargetAttributes = {
					4267A7CF18F5810800B1C247 = {
						TestTargetID = 4267A7AB18F5810700B1C247;
					};
				};
			};
			buildConfigurationList = 4267A7A718F5810700B1C247 /* Build configuration list for PBXProject "dynamicsTest" */;
			compatibilityVersion = "Xcode 3.2";
			developmentRegion = English;
			hasScannedForEncodings = 0;
			knownRegions = (
				en,
				Base,
			);
			mainGroup = 4267A7A318F5810700B1C247;
			productRefGroup = 4267A7AD18F5810700B1C247 /* Products */;
			projectDirPath = "";
			projectRoot = "";
			targets = (
				4267A7AB18F5810700B1C247 /* dynamicsTest */,
				4267A7CF18F5810800B1C247 /* dynamicsTestTests */,
			);
		};
/* End PBXProject section */

/* Begin PBXResourcesBuildPhase section */
		4267A7AA18F5810700B1C247 /* Resources */ = {
			isa = PBXResourcesBuildPhase;
			buildActionMask = 2147483647;
			files = (
				4267A7C618F5810800B1C247 /* Main_iPad.storyboard in Resources */,
				4267A7CB18F5810800B1C247 /* Images.xcassets in Resources */,
				4267A7C318F5810800B1C247 /* Main_iPhone.storyboard in Resources */,
				4267A7BA18F5810700B1C247 /* InfoPlist.strings in Resources */,
			);
			runOnlyForDeploymentPostprocessing = 0;
		};
		4267A7CE18F5810800B1C247 /* Resources */ = {
			isa = PBXResourcesBuildPhase;
			buildActionMask = 2147483647;
			files = (
				4267A7DC18F5810800B1C247 /* InfoPlist.strings in Resources */,
			);
			runOnlyForDeploymentPostprocessing = 0;
		};
/* End PBXResourcesBuildPhase section */

/* Begin PBXSourcesBuildPhase section */
		4267A7A818F5810700B1C247 /* Sources */ = {
			isa = PBXSourcesBuildPhase;
			buildActionMask = 2147483647;
			files = (
				4267A7C018F5810700B1C247 /* GESAppDelegate.m in Sources */,
				4267A7BC18F5810700B1C247 /* main.m in Sources */,
				4267A7C918F5810800B1C247 /* GESViewController.m in Sources */,
			);
			runOnlyForDeploymentPostprocessing = 0;
		};
		4267A7CC18F5810800B1C247 /* Sources */ = {
			isa = PBXSourcesBuildPhase;
			buildActionMask = 2147483647;
			files = (
				4267A7DE18F5810800B1C247 /* dynamicsTestTests.m in Sources */,
			);
			runOnlyForDeploymentPostprocessing = 0;
		};
/* End PBXSourcesBuildPhase section */

/* Begin PBXTargetDependency section */
		4267A7D618F5810800B1C247 /* PBXTargetDependency */ = {
			isa = PBXTargetDependency;
			target = 4267A7AB18F5810700B1C247 /* dynamicsTest */;
			targetProxy = 4267A7D518F5810800B1C247 /* PBXContainerItemProxy */;
		};
/* End PBXTargetDependency section */

/* Begin PBXVariantGroup section */
		4267A7B818F5810700B1C247 /* InfoPlist.strings */ = {
			isa = PBXVariantGroup;
			children = (
				4267A7B918F5810700B1C247 /* en */,
			);
			name = InfoPlist.strings;
			sourceTree = "<group>";
		};
		4267A7C118F5810800B1C247 /* Main_iPhone.storyboard */ = {
			isa = PBXVariantGroup;
			children = (
				4267A7C218F5810800B1C247 /* Base */,
			);
			name = Main_iPhone.storyboard;
			sourceTree = "<group>";
		};
		4267A7C418F5810800B1C247 /* Main_iPad.storyboard */ = {
			isa = PBXVariantGroup;
			children = (
				4267A7C518F5810800B1C247 /* Base */,
			);
			name = Main_iPad.storyboard;
			sourceTree = "<group>";
		};
		4267A7DA18F5810800B1C247 /* InfoPlist.strings */ = {
			isa = PBXVariantGroup;
			children = (
				4267A7DB18F5810800B1C247 /* en */,
			);
			name = InfoPlist.strings;
			sourceTree = "<group>";
		};
/* End PBXVariantGroup section */

/* Begin XCBuildConfiguration section */
		4267A7DF18F5810800B1C247 /* Debug */ = {
			isa = XCBuildConfiguration;
			buildSettings = {
				ALWAYS_SEARCH_USER_PATHS = NO;
				ARCHS = "$(ARCHS_STANDARD_INCLUDING_64_BIT)";
				CLANG_CXX_LANGUAGE_STANDARD = "gnu++0x";
				CLANG_CXX_LIBRARY = "libc++";
				CLANG_ENABLE_MODULES = YES;
				CLANG_ENABLE_OBJC_ARC = YES;
				CLANG_WARN_BOOL_CONVERSION = YES;
				CLANG_WARN_CONSTANT_CONVERSION = YES;
				CLANG_WARN_DIRECT_OBJC_ISA_USAGE = YES_ERROR;
				CLANG_WARN_EMPTY_BODY = YES;
				CLANG_WARN_ENUM_CONVERSION = YES;
				CLANG_WARN_INT_CONVERSION = YES;
				CLANG_WARN_OBJC_ROOT_CLASS = YES_ERROR;
				CLANG_WARN__DUPLICATE_METHOD_MATCH = YES;
				"CODE_SIGN_IDENTITY[sdk=iphoneos*]" = "iPhone Developer";
				COPY_PHASE_STRIP = NO;
				GCC_C_LANGUAGE_STANDARD = gnu99;
				GCC_DYNAMIC_NO_PIC = NO;
				GCC_OPTIMIZATION_LEVEL = 0;
				GCC_PREPROCESSOR_DEFINITIONS = (
					"DEBUG=1",
					"$(inherited)",
				);
				GCC_SYMBOLS_PRIVATE_EXTERN = NO;
				GCC_WARN_64_TO_32_BIT_CONVERSION = YES;
				GCC_WARN_ABOUT_RETURN_TYPE = YES_ERROR;
				GCC_WARN_UNDECLARED_SELECTOR = YES;
				GCC_WARN_UNINITIALIZED_AUTOS = YES;
				GCC_WARN_UNUSED_FUNCTION = YES;
				GCC_WARN_UNUSED_VARIABLE = YES;
				IPHONEOS_DEPLOYMENT_TARGET = 7.0;
				ONLY_ACTIVE_ARCH = YES;
				SDKROOT = iphoneos;
				TARGETED_DEVICE_FAMILY = "1,2";
			};
			name = Debug;
		};
		4267A7E018F5810800B1C247 /* Release */ = {
			isa = XCBuildConfiguration;
			buildSettings = {
				ALWAYS_SEARCH_USER_PATHS = NO;
				ARCHS = "$(ARCHS_STANDARD_INCLUDING_64_BIT)";
				CLANG_CXX_LANGUAGE_STANDARD = "gnu++0x";
				CLANG_CXX_LIBRARY = "libc++";
				CLANG_ENABLE_MODULES = YES;
				CLANG_ENABLE_OBJC_ARC = YES;
				CLANG_WARN_BOOL_CONVERSION = YES;
				CLANG_WARN_CONSTANT_CONVERSION = YES;
				CLANG_WARN_DIRECT_OBJC_ISA_USAGE = YES_ERROR;
				CLANG_WARN_EMPTY_BODY = YES;
				CLANG_WARN_ENUM_CONVERSION = YES;
				CLANG_WARN_INT_CONVERSION = YES;
				CLANG_WARN_OBJC_ROOT_CLASS = YES_ERROR;
				CLANG_WARN__DUPLICATE_METHOD_MATCH = YES;
				"CODE_SIGN_IDENTITY[sdk=iphoneos*]" = "iPhone Developer";
				COPY_PHASE_STRIP = YES;
				ENABLE_NS_ASSERTIONS = NO;
				GCC_C_LANGUAGE_STANDARD = gnu99;
				GCC_WARN_64_TO_32_BIT_CONVERSION = YES;
				GCC_WARN_ABOUT_RETURN_TYPE = YES_ERROR;
				GCC_WARN_UNDECLARED_SELECTOR = YES;
				GCC_WARN_UNINITIALIZED_AUTOS = YES;
				GCC_WARN_UNUSED_FUNCTION = YES;
				GCC_WARN_UNUSED_VARIABLE = YES;
				IPHONEOS_DEPLOYMENT_TARGET = 7.0;
				SDKROOT = iphoneos;
				TARGETED_DEVICE_FAMILY = "1,2";
				VALIDATE_PRODUCT = YES;
			};
			name = Release;
		};
		4267A7E218F5810800B1C247 /* Debug */ = {
			isa = XCBuildConfiguration;
			buildSettings = {
				ASSETCATALOG_COMPILER_APPICON_NAME = AppIcon;
				ASSETCATALOG_COMPILER_LAUNCHIMAGE_NAME = LaunchImage;
				GCC_PRECOMPILE_PREFIX_HEADER = YES;
				GCC_PREFIX_HEADER = "dynamicsTest/dynamicsTest-Prefix.pch";
				INFOPLIST_FILE = "dynamicsTest/dynamicsTest-Info.plist";
				PRODUCT_NAME = "$(TARGET_NAME)";
				WRAPPER_EXTENSION = app;
			};
			name = Debug;
		};
		4267A7E318F5810800B1C247 /* Release */ = {
			isa = XCBuildConfiguration;
			buildSettings = {
				ASSETCATALOG_COMPILER_APPICON_NAME = AppIcon;
				ASSETCATALOG_COMPILER_LAUNCHIMAGE_NAME = LaunchImage;
				GCC_PRECOMPILE_PREFIX_HEADER = YES;
				GCC_PREFIX_HEADER = "dynamicsTest/dynamicsTest-Prefix.pch";
				INFOPLIST_FILE = "dynamicsTest/dynamicsTest-Info.plist";
				PRODUCT_NAME = "$(TARGET_NAME)";
				WRAPPER_EXTENSION = app;
			};
			name = Release;
		};
		4267A7E518F5810800B1C247 /* Debug */ = {
			isa = XCBuildConfiguration;
			buildSettings = {
				ARCHS = "$(ARCHS_STANDARD_INCLUDING_64_BIT)";
				BUNDLE_LOADER = "$(BUILT_PRODUCTS_DIR)/dynamicsTest.app/dynamicsTest";
				FRAMEWORK_SEARCH_PATHS = (
					"$(SDKROOT)/Developer/Library/Frameworks",
					"$(inherited)",
					"$(DEVELOPER_FRAMEWORKS_DIR)",
				);
				GCC_PRECOMPILE_PREFIX_HEADER = YES;
				GCC_PREFIX_HEADER = "dynamicsTest/dynamicsTest-Prefix.pch";
				GCC_PREPROCESSOR_DEFINITIONS = (
					"DEBUG=1",
					"$(inherited)",
				);
				INFOPLIST_FILE = "dynamicsTestTests/dynamicsTestTests-Info.plist";
				PRODUCT_NAME = "$(TARGET_NAME)";
				TEST_HOST = "$(BUNDLE_LOADER)";
				WRAPPER_EXTENSION = xctest;
			};
			name = Debug;
		};
		4267A7E618F5810800B1C247 /* Release */ = {
			isa = XCBuildConfiguration;
			buildSettings = {
				ARCHS = "$(ARCHS_STANDARD_INCLUDING_64_BIT)";
				BUNDLE_LOADER = "$(BUILT_PRODUCTS_DIR)/dynamicsTest.app/dynamicsTest";
				FRAMEWORK_SEARCH_PATHS = (
					"$(SDKROOT)/Developer/Library/Frameworks",
					"$(inherited)",
					"$(DEVELOPER_FRAMEWORKS_DIR)",
				);
				GCC_PRECOMPILE_PREFIX_HEADER = YES;
				GCC_PREFIX_HEADER = "dynamicsTest/dynamicsTest-Prefix.pch";
				INFOPLIST_FILE = "dynamicsTestTests/dynamicsTestTests-Info.plist";
				PRODUCT_NAME = "$(TARGET_NAME)";
				TEST_HOST = "$(BUNDLE_LOADER)";
				WRAPPER_EXTENSION = xctest;
			};
			name = Release;
		};
/* End XCBuildConfiguration section */

/* Begin XCConfigurationList section */
		4267A7A718F5810700B1C247 /* Build configuration list for PBXProject "dynamicsTest" */ = {
			isa = XCConfigurationList;
			buildConfigurations = (
				4267A7DF18F5810800B1C247 /* Debug */,
				4267A7E018F5810800B1C247 /* Release */,
			);
			defaultConfigurationIsVisible = 0;
			defaultConfigurationName = Release;
		};
		4267A7E118F5810800B1C247 /* Build configuration list for PBXNativeTarget "dynamicsTest" */ = {
			isa = XCConfigurationList;
			buildConfigurations = (
				4267A7E218F5810800B1C247 /* Debug */,
				4267A7E318F5810800B1C247 /* Release */,
			);
			defaultConfigurationIsVisible = 0;
		};
		4267A7E418F5810800B1C247 /* Build configuration list for PBXNativeTarget "dynamicsTestTests" */ = {
			isa = XCConfigurationList;
			buildConfigurations = (
				4267A7E518F5810800B1C247 /* Debug */,
				4267A7E618F5810800B1C247 /* Release */,
			);
			defaultConfigurationIsVisible = 0;
		};
/* End XCConfigurationList section */
	};
	rootObject = 4267A7A418F5810700B1C247 /* Project object */;
}
